
Microsoft Visual Studio Solution File, Format Version 12.00
# Visual Studio Version 17
VisualStudioVersion = 17.9.34728.123
MinimumVisualStudioVersion = 10.0.40219.1
Project("{9A19103F-16F7-4668-BE54-9A1E7A4F7556}") = "Sayeh.AspNetCore.Components", "src\Sayeh.AspNetCore.Components\Sayeh.AspNetCore.Components.csproj", "{F1263B6C-4857-444A-AD68-7499617E86C3}"
EndProject
Project("{FAE04EC0-301F-11D3-BF4B-00C04F79EFBC}") = "Sample", "Sample\Sample\Sample.csproj", "{4221F365-92B8-4D7C-8DEE-3F22D04E88EF}"
EndProject
Project("{FAE04EC0-301F-11D3-BF4B-00C04F79EFBC}") = "Sample.Client", "Sample\Sample.Client\Sample.Client.csproj", "{62F376B7-6461-4F1A-BC8D-791074561D1A}"
EndProject
Project("{FAE04EC0-301F-11D3-BF4B-00C04F79EFBC}") = "Sayeh.AspNetCore.Essentials.Core", "src\Sayeh.AspNetCore.Essentials.Core\Sayeh.AspNetCore.Essentials.Core.csproj", "{132BEE98-8938-40BB-BB10-B762C9A40BF7}"
EndProject
Project("{2150E333-8FDC-42A3-9474-1A3956D46DE8}") = "Essentials", "Essentials", "{33F890FF-89DB-42F5-9D55-AC8BB741B8F8}"
EndProject
Project("{2150E333-8FDC-42A3-9474-1A3956D46DE8}") = "Source", "Source", "{5742872B-ACC8-4CAB-BEDA-0096D8C9615C}"
EndProject
Project("{FAE04EC0-301F-11D3-BF4B-00C04F79EFBC}") = "Sayeh.AspNetCore.Essentials.Server", "src\Sayeh.AspNetCore.Essentials.Server\Sayeh.AspNetCore.Essentials.Server.csproj", "{3AD0152C-0D2F-4983-B733-7EC15F8FEED6}"
EndProject
Project("{FAE04EC0-301F-11D3-BF4B-00C04F79EFBC}") = "Sayeh.AspNetCore.Essentials.WebAssembly", "src\Sayeh.AspNetCore.Essentials.WebAssembly\Sayeh.AspNetCore.Essentials.WebAssembly.csproj", "{811CC480-72CE-4163-AD06-144D95A20ACA}"
EndProject
Project("{2150E333-8FDC-42A3-9474-1A3956D46DE8}") = "Solution Items", "Solution Items", "{02EA681E-C7D8-13C7-8484-4AC65E1B71E8}"
	ProjectSection(SolutionItems) = preProject
		Directory.Build.props = Directory.Build.props
	EndProjectSection
EndProject
Project("{2150E333-8FDC-42A3-9474-1A3956D46DE8}") = "Test", "Test", "{F52F3F0A-38A4-47D3-B6D3-8254C9BEB430}"
EndProject
Project("{FAE04EC0-301F-11D3-BF4B-00C04F79EFBC}") = "Sayeh.AspNetCore.Components.Test", "Test\Sayeh.AspNetCore.Components.Test\Sayeh.AspNetCore.Components.Test\Sayeh.AspNetCore.Components.Test.csproj", "{61F15011-4EDC-4175-8423-B2CEF2E7D707}"
EndProject
Global
	GlobalSection(SolutionConfigurationPlatforms) = preSolution
		Debug|Any CPU = Debug|Any CPU
		Release|Any CPU = Release|Any CPU
	EndGlobalSection
	GlobalSection(ProjectConfigurationPlatforms) = postSolution
		{F1263B6C-4857-444A-AD68-7499617E86C3}.Debug|Any CPU.ActiveCfg = Debug|Any CPU
		{F1263B6C-4857-444A-AD68-7499617E86C3}.Debug|Any CPU.Build.0 = Debug|Any CPU
		{F1263B6C-4857-444A-AD68-7499617E86C3}.Release|Any CPU.ActiveCfg = Release|Any CPU
		{F1263B6C-4857-444A-AD68-7499617E86C3}.Release|Any CPU.Build.0 = Release|Any CPU
		{4221F365-92B8-4D7C-8DEE-3F22D04E88EF}.Debug|Any CPU.ActiveCfg = Debug|Any CPU
		{4221F365-92B8-4D7C-8DEE-3F22D04E88EF}.Debug|Any CPU.Build.0 = Debug|Any CPU
		{4221F365-92B8-4D7C-8DEE-3F22D04E88EF}.Release|Any CPU.ActiveCfg = Release|Any CPU
		{4221F365-92B8-4D7C-8DEE-3F22D04E88EF}.Release|Any CPU.Build.0 = Release|Any CPU
		{62F376B7-6461-4F1A-BC8D-791074561D1A}.Debug|Any CPU.ActiveCfg = Debug|Any CPU
		{62F376B7-6461-4F1A-BC8D-791074561D1A}.Debug|Any CPU.Build.0 = Debug|Any CPU
		{62F376B7-6461-4F1A-BC8D-791074561D1A}.Release|Any CPU.ActiveCfg = Release|Any CPU
		{62F376B7-6461-4F1A-BC8D-791074561D1A}.Release|Any CPU.Build.0 = Release|Any CPU
		{132BEE98-8938-40BB-BB10-B762C9A40BF7}.Debug|Any CPU.ActiveCfg = Debug|Any CPU
		{132BEE98-8938-40BB-BB10-B762C9A40BF7}.Debug|Any CPU.Build.0 = Debug|Any CPU
		{132BEE98-8938-40BB-BB10-B762C9A40BF7}.Release|Any CPU.ActiveCfg = Release|Any CPU
		{132BEE98-8938-40BB-BB10-B762C9A40BF7}.Release|Any CPU.Build.0 = Release|Any CPU
		{3AD0152C-0D2F-4983-B733-7EC15F8FEED6}.Debug|Any CPU.ActiveCfg = Debug|Any CPU
		{3AD0152C-0D2F-4983-B733-7EC15F8FEED6}.Debug|Any CPU.Build.0 = Debug|Any CPU
		{3AD0152C-0D2F-4983-B733-7EC15F8FEED6}.Release|Any CPU.ActiveCfg = Release|Any CPU
		{3AD0152C-0D2F-4983-B733-7EC15F8FEED6}.Release|Any CPU.Build.0 = Release|Any CPU
		{811CC480-72CE-4163-AD06-144D95A20ACA}.Debug|Any CPU.ActiveCfg = Debug|Any CPU
		{811CC480-72CE-4163-AD06-144D95A20ACA}.Debug|Any CPU.Build.0 = Debug|Any CPU
		{811CC480-72CE-4163-AD06-144D95A20ACA}.Release|Any CPU.ActiveCfg = Release|Any CPU
		{811CC480-72CE-4163-AD06-144D95A20ACA}.Release|Any CPU.Build.0 = Release|Any CPU
		{61F15011-4EDC-4175-8423-B2CEF2E7D707}.Debug|Any CPU.ActiveCfg = Debug|Any CPU
		{61F15011-4EDC-4175-8423-B2CEF2E7D707}.Debug|Any CPU.Build.0 = Debug|Any CPU
		{61F15011-4EDC-4175-8423-B2CEF2E7D707}.Release|Any CPU.ActiveCfg = Release|Any CPU
		{61F15011-4EDC-4175-8423-B2CEF2E7D707}.Release|Any CPU.Build.0 = Release|Any CPU
	EndGlobalSection
	GlobalSection(SolutionProperties) = preSolution
		HideSolutionNode = FALSE
	EndGlobalSection
	GlobalSection(NestedProjects) = preSolution
		{F1263B6C-4857-444A-AD68-7499617E86C3} = {5742872B-ACC8-4CAB-BEDA-0096D8C9615C}
		{132BEE98-8938-40BB-BB10-B762C9A40BF7} = {33F890FF-89DB-42F5-9D55-AC8BB741B8F8}
		{33F890FF-89DB-42F5-9D55-AC8BB741B8F8} = {5742872B-ACC8-4CAB-BEDA-0096D8C9615C}
		{3AD0152C-0D2F-4983-B733-7EC15F8FEED6} = {33F890FF-89DB-42F5-9D55-AC8BB741B8F8}
		{811CC480-72CE-4163-AD06-144D95A20ACA} = {33F890FF-89DB-42F5-9D55-AC8BB741B8F8}
		{61F15011-4EDC-4175-8423-B2CEF2E7D707} = {F52F3F0A-38A4-47D3-B6D3-8254C9BEB430}
	EndGlobalSection
	GlobalSection(ExtensibilityGlobals) = postSolution
		SolutionGuid = {39E7FDE3-DE0E-4FB6-B742-F6BE8D386BDF}
	EndGlobalSection
EndGlobal
